
Microsoft Visual Studio Solution File, Format Version 12.00
# Visual Studio Version 17
VisualStudioVersion = 17.13.35825.156 d17.13
MinimumVisualStudioVersion = 10.0.40219.1
Project("{FAE04EC0-301F-11D3-BF4B-00C04F79EFBC}") = "DailyPlanner2", "DailyPlanner2.csproj", "{D5C4CF6A-0E1C-4ECC-855E-400CF6E1BE96}"
EndProject
Project("{FAE04EC0-301F-11D3-BF4B-00C04F79EFBC}") = "BL.DailyPlanner", "BL.DailyPlanner\BL.DailyPlanner.csproj", "{4624B004-65EB-4779-98D3-38A96224C5D3}"
EndProject
Global
	GlobalSection(SolutionConfigurationPlatforms) = preSolution
		Debug|Any CPU = Debug|Any CPU
		Release|Any CPU = Release|Any CPU
	EndGlobalSection
	GlobalSection(ProjectConfigurationPlatforms) = postSolution
		{D5C4CF6A-0E1C-4ECC-855E-400CF6E1BE96}.Debug|Any CPU.ActiveCfg = Debug|Any CPU
		{D5C4CF6A-0E1C-4ECC-855E-400CF6E1BE96}.Debug|Any CPU.Build.0 = Debug|Any CPU
		{D5C4CF6A-0E1C-4ECC-855E-400CF6E1BE96}.Release|Any CPU.ActiveCfg = Release|Any CPU
		{D5C4CF6A-0E1C-4ECC-855E-400CF6E1BE96}.Release|Any CPU.Build.0 = Release|Any CPU
		{4624B004-65EB-4779-98D3-38A96224C5D3}.Debug|Any CPU.ActiveCfg = Debug|Any CPU
		{4624B004-65EB-4779-98D3-38A96224C5D3}.Debug|Any CPU.Build.0 = Debug|Any CPU
		{4624B004-65EB-4779-98D3-38A96224C5D3}.Release|Any CPU.ActiveCfg = Release|Any CPU
		{4624B004-65EB-4779-98D3-38A96224C5D3}.Release|Any CPU.Build.0 = Release|Any CPU
	EndGlobalSection
	GlobalSection(SolutionProperties) = preSolution
		HideSolutionNode = FALSE
	EndGlobalSection
	GlobalSection(ExtensibilityGlobals) = postSolution
		SolutionGuid = {844F38F6-BDF0-4161-BD04-26EF292135B1}
	EndGlobalSection
EndGlobal
